
Microsoft Visual Studio Solution File, Format Version 12.00
# Visual Studio 15
VisualStudioVersion = 15.0.27703.2047
MinimumVisualStudioVersion = 10.0.40219.1
Project("{FAE04EC0-301F-11D3-BF4B-00C04F79EFBC}") = "pluralsight-dotnetcore", "pluralsight-dotnetcore\pluralsight-dotnetcore.csproj", "{C2C35C66-5780-449F-B955-00DAA1C938C4}"
EndProject
Project("{E53339B2-1760-4266-BCC7-CA923CBCF16C}") = "docker-compose", "docker-compose.dcproj", "{61D07C66-6887-42B4-94B3-937BF6CA30D5}"
EndProject
Global
	GlobalSection(SolutionConfigurationPlatforms) = preSolution
		Debug|Any CPU = Debug|Any CPU
		Release|Any CPU = Release|Any CPU
	EndGlobalSection
	GlobalSection(ProjectConfigurationPlatforms) = postSolution
		{C2C35C66-5780-449F-B955-00DAA1C938C4}.Debug|Any CPU.ActiveCfg = Debug|Any CPU
		{C2C35C66-5780-449F-B955-00DAA1C938C4}.Debug|Any CPU.Build.0 = Debug|Any CPU
		{C2C35C66-5780-449F-B955-00DAA1C938C4}.Release|Any CPU.ActiveCfg = Release|Any CPU
		{C2C35C66-5780-449F-B955-00DAA1C938C4}.Release|Any CPU.Build.0 = Release|Any CPU
		{61D07C66-6887-42B4-94B3-937BF6CA30D5}.Debug|Any CPU.ActiveCfg = Debug|Any CPU
		{61D07C66-6887-42B4-94B3-937BF6CA30D5}.Debug|Any CPU.Build.0 = Debug|Any CPU
		{61D07C66-6887-42B4-94B3-937BF6CA30D5}.Release|Any CPU.ActiveCfg = Release|Any CPU
		{61D07C66-6887-42B4-94B3-937BF6CA30D5}.Release|Any CPU.Build.0 = Release|Any CPU
	EndGlobalSection
	GlobalSection(SolutionProperties) = preSolution
		HideSolutionNode = FALSE
	EndGlobalSection
	GlobalSection(ExtensibilityGlobals) = postSolution
		SolutionGuid = {0AB36081-2BA7-4BA9-A754-9163FFA5CC12}
	EndGlobalSection
EndGlobal
